PODS:
  - Capacitor (7.5.0):
    - CapacitorCordova
  - CapacitorApp (7.1.2):
    - Capacitor
  - CapacitorBrowser (7.0.4):
    - Capacitor
  - CapacitorCordova (7.5.0)
  - CapacitorHaptics (7.0.3):
    - Capacitor
  - CapacitorSplashScreen (7.0.5):
    - Capacitor
  - CapacitorStatusBar (7.0.5):
    - Capacitor

DEPENDENCIES:
  - "Capacitor (from `../../node_modules/@capacitor/ios`)"
  - "CapacitorApp (from `../../node_modules/@capacitor/app`)"
  - "CapacitorBrowser (from `../../node_modules/@capacitor/browser`)"
  - "CapacitorCordova (from `../../node_modules/@capacitor/ios`)"
  - "CapacitorHaptics (from `../../node_modules/@capacitor/haptics`)"
  - "CapacitorSplashScreen (from `../../node_modules/@capacitor/splash-screen`)"
  - "CapacitorStatusBar (from `../../node_modules/@capacitor/status-bar`)"

EXTERNAL SOURCES:
  Capacitor:
    :path: "../../node_modules/@capacitor/ios"
  CapacitorApp:
    :path: "../../node_modules/@capacitor/app"
  CapacitorBrowser:
    :path: "../../node_modules/@capacitor/browser"
  CapacitorCordova:
    :path: "../../node_modules/@capacitor/ios"
  CapacitorHaptics:
    :path: "../../node_modules/@capacitor/haptics"
  CapacitorSplashScreen:
    :path: "../../node_modules/@capacitor/splash-screen"
  CapacitorStatusBar:
    :path: "../../node_modules/@capacitor/status-bar"

SPEC CHECKSUMS:
  Capacitor: 0a78ec6b54580fa055c11744a4e83cd7942d98ca
  CapacitorApp: f01a913211780e0718dae9750442c3e23f96e106
  CapacitorBrowser: affdd32ab6a1822942eb55095b3c5ecf3f656a9d
  CapacitorCordova: ae35646a9b46cfd00d637f195509c86594026aad
  CapacitorHaptics: ce15be8f287fa2c61c7d2d9e958885b90cf0bebc
  CapacitorSplashScreen: 409eeaaeac603d264f209c0fcb718aa22fe1f7bb
  CapacitorStatusBar: 6de542f202c0dd3f9d0a73b240d4c9d3dddc49b4

PODFILE CHECKSUM: 8d973661134c52164f6194649f4e085fd52adb80

COCOAPODS: 1.16.2
